
Microsoft Visual Studio Solution File, Format Version 12.00
# Visual Studio 2012
Project("{8BC9CEB8-8B4A-11D0-8D11-00A0C91BC942}") = "lab2Fallahpart1", "lab2Fallahpart1\lab2Fallahpart1.vcxproj", "{8AE85747-71C6-46DD-A1BA-3094791B1444}"
EndProject
Global
	GlobalSection(SolutionConfigurationPlatforms) = preSolution
		Debug|Win32 = Debug|Win32
		Release|Win32 = Release|Win32
	EndGlobalSection
	GlobalSection(ProjectConfigurationPlatforms) = postSolution
		{8AE85747-71C6-46DD-A1BA-3094791B1444}.Debug|Win32.ActiveCfg = Debug|Win32
		{8AE85747-71C6-46DD-A1BA-3094791B1444}.Debug|Win32.Build.0 = Debug|Win32
		{8AE85747-71C6-46DD-A1BA-3094791B1444}.Release|Win32.ActiveCfg = Release|Win32
		{8AE85747-71C6-46DD-A1BA-3094791B1444}.Release|Win32.Build.0 = Release|Win32
	EndGlobalSection
	GlobalSection(SolutionProperties) = preSolution
		HideSolutionNode = FALSE
	EndGlobalSection
EndGlobal
